
Microsoft Visual Studio Solution File, Format Version 12.00
# Visual Studio 15
VisualStudioVersion = 15.0.28307.539
MinimumVisualStudioVersion = 10.0.40219.1
Project("{FAE04EC0-301F-11D3-BF4B-00C04F79EFBC}") = "Client", "Client\Client.csproj", "{D165C810-F8A5-4A9B-B9E5-DC86F8803009}"
EndProject
Global
	GlobalSection(SolutionConfigurationPlatforms) = preSolution
		Debug|Any CPU = Debug|Any CPU
		Release|Any CPU = Release|Any CPU
	EndGlobalSection
	GlobalSection(ProjectConfigurationPlatforms) = postSolution
		{D165C810-F8A5-4A9B-B9E5-DC86F8803009}.Debug|Any CPU.ActiveCfg = Debug|Any CPU
		{D165C810-F8A5-4A9B-B9E5-DC86F8803009}.Debug|Any CPU.Build.0 = Debug|Any CPU
		{D165C810-F8A5-4A9B-B9E5-DC86F8803009}.Release|Any CPU.ActiveCfg = Release|Any CPU
		{D165C810-F8A5-4A9B-B9E5-DC86F8803009}.Release|Any CPU.Build.0 = Release|Any CPU
	EndGlobalSection
	GlobalSection(SolutionProperties) = preSolution
		HideSolutionNode = FALSE
	EndGlobalSection
	GlobalSection(ExtensibilityGlobals) = postSolution
		SolutionGuid = {BC9AE2ED-0CB0-4C99-A7B6-2654D24F157D}
	EndGlobalSection
EndGlobal
